# QSF file for coreDLA IPs + platform adapters
# This file is copied to <build_dir>/hw/ before it's used

# Find the full path of this script
set DLA_PLATFORM_PATH [file dirname [file normalize [info script]]]

# Auto-generated by the ed1 generation script

# Set the compilation seed
set_global_assignment -name SEED 1

# source qsf files of the core dla ips
source $DLA_PLATFORM_PATH/coredla_ip/altera_ai_ip/verilog/AGX3_Performance_AGX3/dla_ip.qsf
